// !$*UTF8*$!
{
	archiveVersion = 1;
	classes = {
	};
	objectVersion = 56;
	objects = {

/* Begin PBXBuildFile section */
		2E7DC69D29DD015A006C902A /* perfavionApp.swift in Sources */ = {isa = PBXBuildFile; fileRef = 2E7DC69C29DD015A006C902A /* perfavionApp.swift */; };
		2E7DC69F29DD015A006C902A /* MainView.swift in Sources */ = {isa = PBXBuildFile; fileRef = 2E7DC69E29DD015A006C902A /* MainView.swift */; };
		2E7DC6A129DD015B006C902A /* Assets.xcassets in Resources */ = {isa = PBXBuildFile; fileRef = 2E7DC6A029DD015B006C902A /* Assets.xcassets */; };
		2E7DC6A529DD015B006C902A /* Preview Assets.xcassets in Resources */ = {isa = PBXBuildFile; fileRef = 2E7DC6A429DD015B006C902A /* Preview Assets.xcassets */; };
		2E7DC6AF29DD015B006C902A /* perfavionTests.swift in Sources */ = {isa = PBXBuildFile; fileRef = 2E7DC6AE29DD015B006C902A /* perfavionTests.swift */; };
		2E7DC6B929DD015B006C902A /* perfavionUITests.swift in Sources */ = {isa = PBXBuildFile; fileRef = 2E7DC6B829DD015B006C902A /* perfavionUITests.swift */; };
		2E7DC6BB29DD015B006C902A /* perfavionUITestsLaunchTests.swift in Sources */ = {isa = PBXBuildFile; fileRef = 2E7DC6BA29DD015B006C902A /* perfavionUITestsLaunchTests.swift */; };
		2E7DC6C829DD0AAD006C902A /* Colors.xcassets in Resources */ = {isa = PBXBuildFile; fileRef = 2E7DC6C729DD0AAD006C902A /* Colors.xcassets */; };
		2EC8972829DFBB9400522215 /* FlightModel.swift in Sources */ = {isa = PBXBuildFile; fileRef = 2EC8972729DFBB9400522215 /* FlightModel.swift */; };
		2EC8972A29E0A55D00522215 /* ChartView.swift in Sources */ = {isa = PBXBuildFile; fileRef = 2EC8972929E0A55D00522215 /* ChartView.swift */; };
/* End PBXBuildFile section */

/* Begin PBXContainerItemProxy section */
		2E7DC6AB29DD015B006C902A /* PBXContainerItemProxy */ = {
			isa = PBXContainerItemProxy;
			containerPortal = 2E7DC69129DD015A006C902A /* Project object */;
			proxyType = 1;
			remoteGlobalIDString = 2E7DC69829DD015A006C902A;
			remoteInfo = perfavion;
		};
		2E7DC6B529DD015B006C902A /* PBXContainerItemProxy */ = {
			isa = PBXContainerItemProxy;
			containerPortal = 2E7DC69129DD015A006C902A /* Project object */;
			proxyType = 1;
			remoteGlobalIDString = 2E7DC69829DD015A006C902A;
			remoteInfo = perfavion;
		};
/* End PBXContainerItemProxy section */

/* Begin PBXFileReference section */
		2E7DC69929DD015A006C902A /* perfavion.app */ = {isa = PBXFileReference; explicitFileType = wrapper.application; includeInIndex = 0; path = perfavion.app; sourceTree = BUILT_PRODUCTS_DIR; };
		2E7DC69C29DD015A006C902A /* perfavionApp.swift */ = {isa = PBXFileReference; lastKnownFileType = sourcecode.swift; path = perfavionApp.swift; sourceTree = "<group>"; };
		2E7DC69E29DD015A006C902A /* MainView.swift */ = {isa = PBXFileReference; lastKnownFileType = sourcecode.swift; path = MainView.swift; sourceTree = "<group>"; };
		2E7DC6A029DD015B006C902A /* Assets.xcassets */ = {isa = PBXFileReference; lastKnownFileType = folder.assetcatalog; path = Assets.xcassets; sourceTree = "<group>"; };
		2E7DC6A229DD015B006C902A /* perfavion.entitlements */ = {isa = PBXFileReference; lastKnownFileType = text.plist.entitlements; path = perfavion.entitlements; sourceTree = "<group>"; };
		2E7DC6A429DD015B006C902A /* Preview Assets.xcassets */ = {isa = PBXFileReference; lastKnownFileType = folder.assetcatalog; path = "Preview Assets.xcassets"; sourceTree = "<group>"; };
		2E7DC6AA29DD015B006C902A /* perfavionTests.xctest */ = {isa = PBXFileReference; explicitFileType = wrapper.cfbundle; includeInIndex = 0; path = perfavionTests.xctest; sourceTree = BUILT_PRODUCTS_DIR; };
		2E7DC6AE29DD015B006C902A /* perfavionTests.swift */ = {isa = PBXFileReference; lastKnownFileType = sourcecode.swift; path = perfavionTests.swift; sourceTree = "<group>"; };
		2E7DC6B429DD015B006C902A /* perfavionUITests.xctest */ = {isa = PBXFileReference; explicitFileType = wrapper.cfbundle; includeInIndex = 0; path = perfavionUITests.xctest; sourceTree = BUILT_PRODUCTS_DIR; };
		2E7DC6B829DD015B006C902A /* perfavionUITests.swift */ = {isa = PBXFileReference; lastKnownFileType = sourcecode.swift; path = perfavionUITests.swift; sourceTree = "<group>"; };
		2E7DC6BA29DD015B006C902A /* perfavionUITestsLaunchTests.swift */ = {isa = PBXFileReference; lastKnownFileType = sourcecode.swift; path = perfavionUITestsLaunchTests.swift; sourceTree = "<group>"; };
		2E7DC6C729DD0AAD006C902A /* Colors.xcassets */ = {isa = PBXFileReference; lastKnownFileType = folder.assetcatalog; path = Colors.xcassets; sourceTree = "<group>"; };
		2EC8972729DFBB9400522215 /* FlightModel.swift */ = {isa = PBXFileReference; lastKnownFileType = sourcecode.swift; path = FlightModel.swift; sourceTree = "<group>"; };
		2EC8972929E0A55D00522215 /* ChartView.swift */ = {isa = PBXFileReference; lastKnownFileType = sourcecode.swift; path = ChartView.swift; sourceTree = "<group>"; };
/* End PBXFileReference section */

/* Begin PBXFrameworksBuildPhase section */
		2E7DC69629DD015A006C902A /* Frameworks */ = {
			isa = PBXFrameworksBuildPhase;
			buildActionMask = 2147483647;
			files = (
			);
			runOnlyForDeploymentPostprocessing = 0;
		};
		2E7DC6A729DD015B006C902A /* Frameworks */ = {
			isa = PBXFrameworksBuildPhase;
			buildActionMask = 2147483647;
			files = (
			);
			runOnlyForDeploymentPostprocessing = 0;
		};
		2E7DC6B129DD015B006C902A /* Frameworks */ = {
			isa = PBXFrameworksBuildPhase;
			buildActionMask = 2147483647;
			files = (
			);
			runOnlyForDeploymentPostprocessing = 0;
		};
/* End PBXFrameworksBuildPhase section */

/* Begin PBXGroup section */
		2E7DC69029DD015A006C902A = {
			isa = PBXGroup;
			children = (
				2E7DC69B29DD015A006C902A /* perfavion */,
				2E7DC6AD29DD015B006C902A /* perfavionTests */,
				2E7DC6B729DD015B006C902A /* perfavionUITests */,
				2E7DC69A29DD015A006C902A /* Products */,
			);
			sourceTree = "<group>";
		};
		2E7DC69A29DD015A006C902A /* Products */ = {
			isa = PBXGroup;
			children = (
				2E7DC69929DD015A006C902A /* perfavion.app */,
				2E7DC6AA29DD015B006C902A /* perfavionTests.xctest */,
				2E7DC6B429DD015B006C902A /* perfavionUITests.xctest */,
			);
			name = Products;
			sourceTree = "<group>";
		};
		2E7DC69B29DD015A006C902A /* perfavion */ = {
			isa = PBXGroup;
			children = (
				2E7DC69C29DD015A006C902A /* perfavionApp.swift */,
				2E7DC69E29DD015A006C902A /* MainView.swift */,
				2EC8972729DFBB9400522215 /* FlightModel.swift */,
				2EC8972929E0A55D00522215 /* ChartView.swift */,
				2E7DC6A029DD015B006C902A /* Assets.xcassets */,
				2E7DC6C729DD0AAD006C902A /* Colors.xcassets */,
				2E7DC6A229DD015B006C902A /* perfavion.entitlements */,
				2E7DC6A329DD015B006C902A /* Preview Content */,
			);
			path = perfavion;
			sourceTree = "<group>";
		};
		2E7DC6A329DD015B006C902A /* Preview Content */ = {
			isa = PBXGroup;
			children = (
				2E7DC6A429DD015B006C902A /* Preview Assets.xcassets */,
			);
			path = "Preview Content";
			sourceTree = "<group>";
		};
		2E7DC6AD29DD015B006C902A /* perfavionTests */ = {
			isa = PBXGroup;
			children = (
				2E7DC6AE29DD015B006C902A /* perfavionTests.swift */,
			);
			path = perfavionTests;
			sourceTree = "<group>";
		};
		2E7DC6B729DD015B006C902A /* perfavionUITests */ = {
			isa = PBXGroup;
			children = (
				2E7DC6B829DD015B006C902A /* perfavionUITests.swift */,
				2E7DC6BA29DD015B006C902A /* perfavionUITestsLaunchTests.swift */,
			);
			path = perfavionUITests;
			sourceTree = "<group>";
		};
/* End PBXGroup section */

/* Begin PBXNativeTarget section */
		2E7DC69829DD015A006C902A /* perfavion */ = {
			isa = PBXNativeTarget;
			buildConfigurationList = 2E7DC6BE29DD015B006C902A /* Build configuration list for PBXNativeTarget "perfavion" */;
			buildPhases = (
				2E7DC69529DD015A006C902A /* Sources */,
				2E7DC69629DD015A006C902A /* Frameworks */,
				2E7DC69729DD015A006C902A /* Resources */,
			);
			buildRules = (
			);
			dependencies = (
			);
			name = perfavion;
			productName = perfavion;
			productReference = 2E7DC69929DD015A006C902A /* perfavion.app */;
			productType = "com.apple.product-type.application";
		};
		2E7DC6A929DD015B006C902A /* perfavionTests */ = {
			isa = PBXNativeTarget;
			buildConfigurationList = 2E7DC6C129DD015B006C902A /* Build configuration list for PBXNativeTarget "perfavionTests" */;
			buildPhases = (
				2E7DC6A629DD015B006C902A /* Sources */,
				2E7DC6A729DD015B006C902A /* Frameworks */,
				2E7DC6A829DD015B006C902A /* Resources */,
			);
			buildRules = (
			);
			dependencies = (
				2E7DC6AC29DD015B006C902A /* PBXTargetDependency */,
			);
			name = perfavionTests;
			productName = perfavionTests;
			productReference = 2E7DC6AA29DD015B006C902A /* perfavionTests.xctest */;
			productType = "com.apple.product-type.bundle.unit-test";
		};
		2E7DC6B329DD015B006C902A /* perfavionUITests */ = {
			isa = PBXNativeTarget;
			buildConfigurationList = 2E7DC6C429DD015B006C902A /* Build configuration list for PBXNativeTarget "perfavionUITests" */;
			buildPhases = (
				2E7DC6B029DD015B006C902A /* Sources */,
				2E7DC6B129DD015B006C902A /* Frameworks */,
				2E7DC6B229DD015B006C902A /* Resources */,
			);
			buildRules = (
			);
			dependencies = (
				2E7DC6B629DD015B006C902A /* PBXTargetDependency */,
			);
			name = perfavionUITests;
			productName = perfavionUITests;
			productReference = 2E7DC6B429DD015B006C902A /* perfavionUITests.xctest */;
			productType = "com.apple.product-type.bundle.ui-testing";
		};
/* End PBXNativeTarget section */

/* Begin PBXProject section */
		2E7DC69129DD015A006C902A /* Project object */ = {
			isa = PBXProject;
			attributes = {
				BuildIndependentTargetsInParallel = 1;
				LastSwiftUpdateCheck = 1420;
				LastUpgradeCheck = 1420;
				TargetAttributes = {
					2E7DC69829DD015A006C902A = {
						CreatedOnToolsVersion = 14.2;
					};
					2E7DC6A929DD015B006C902A = {
						CreatedOnToolsVersion = 14.2;
						TestTargetID = 2E7DC69829DD015A006C902A;
					};
					2E7DC6B329DD015B006C902A = {
						CreatedOnToolsVersion = 14.2;
						TestTargetID = 2E7DC69829DD015A006C902A;
					};
				};
			};
			buildConfigurationList = 2E7DC69429DD015A006C902A /* Build configuration list for PBXProject "perfavion" */;
			compatibilityVersion = "Xcode 14.0";
			developmentRegion = en;
			hasScannedForEncodings = 0;
			knownRegions = (
				en,
				Base,
			);
			mainGroup = 2E7DC69029DD015A006C902A;
			productRefGroup = 2E7DC69A29DD015A006C902A /* Products */;
			projectDirPath = "";
			projectRoot = "";
			targets = (
				2E7DC69829DD015A006C902A /* perfavion */,
				2E7DC6A929DD015B006C902A /* perfavionTests */,
				2E7DC6B329DD015B006C902A /* perfavionUITests */,
			);
		};
/* End PBXProject section */

/* Begin PBXResourcesBuildPhase section */
		2E7DC69729DD015A006C902A /* Resources */ = {
			isa = PBXResourcesBuildPhase;
			buildActionMask = 2147483647;
			files = (
				2E7DC6C829DD0AAD006C902A /* Colors.xcassets in Resources */,
				2E7DC6A529DD015B006C902A /* Preview Assets.xcassets in Resources */,
				2E7DC6A129DD015B006C902A /* Assets.xcassets in Resources */,
			);
			runOnlyForDeploymentPostprocessing = 0;
		};
		2E7DC6A829DD015B006C902A /* Resources */ = {
			isa = PBXResourcesBuildPhase;
			buildActionMask = 2147483647;
			files = (
			);
			runOnlyForDeploymentPostprocessing = 0;
		};
		2E7DC6B229DD015B006C902A /* Resources */ = {
			isa = PBXResourcesBuildPhase;
			buildActionMask = 2147483647;
			files = (
			);
			runOnlyForDeploymentPostprocessing = 0;
		};
/* End PBXResourcesBuildPhase section */

/* Begin PBXSourcesBuildPhase section */
		2E7DC69529DD015A006C902A /* Sources */ = {
			isa = PBXSourcesBuildPhase;
			buildActionMask = 2147483647;
			files = (
				2EC8972829DFBB9400522215 /* FlightModel.swift in Sources */,
				2E7DC69F29DD015A006C902A /* MainView.swift in Sources */,
				2E7DC69D29DD015A006C902A /* perfavionApp.swift in Sources */,
				2EC8972A29E0A55D00522215 /* ChartView.swift in Sources */,
			);
			runOnlyForDeploymentPostprocessing = 0;
		};
		2E7DC6A629DD015B006C902A /* Sources */ = {
			isa = PBXSourcesBuildPhase;
			buildActionMask = 2147483647;
			files = (
				2E7DC6AF29DD015B006C902A /* perfavionTests.swift in Sources */,
			);
			runOnlyForDeploymentPostprocessing = 0;
		};
		2E7DC6B029DD015B006C902A /* Sources */ = {
			isa = PBXSourcesBuildPhase;
			buildActionMask = 2147483647;
			files = (
				2E7DC6B929DD015B006C902A /* perfavionUITests.swift in Sources */,
				2E7DC6BB29DD015B006C902A /* perfavionUITestsLaunchTests.swift in Sources */,
			);
			runOnlyForDeploymentPostprocessing = 0;
		};
/* End PBXSourcesBuildPhase section */

/* Begin PBXTargetDependency section */
		2E7DC6AC29DD015B006C902A /* PBXTargetDependency */ = {
			isa = PBXTargetDependency;
			target = 2E7DC69829DD015A006C902A /* perfavion */;
			targetProxy = 2E7DC6AB29DD015B006C902A /* PBXContainerItemProxy */;
		};
		2E7DC6B629DD015B006C902A /* PBXTargetDependency */ = {
			isa = PBXTargetDependency;
			target = 2E7DC69829DD015A006C902A /* perfavion */;
			targetProxy = 2E7DC6B529DD015B006C902A /* PBXContainerItemProxy */;
		};
/* End PBXTargetDependency section */

/* Begin XCBuildConfiguration section */
		2E7DC6BC29DD015B006C902A /* Debug */ = {
			isa = XCBuildConfiguration;
			buildSettings = {
				ALWAYS_SEARCH_USER_PATHS = NO;
				CLANG_ANALYZER_NONNULL = YES;
				CLANG_ANALYZER_NUMBER_OBJECT_CONVERSION = YES_AGGRESSIVE;
				CLANG_CXX_LANGUAGE_STANDARD = "gnu++20";
				CLANG_ENABLE_MODULES = YES;
				CLANG_ENABLE_OBJC_ARC = YES;
				CLANG_ENABLE_OBJC_WEAK = YES;
				CLANG_WARN_BLOCK_CAPTURE_AUTORELEASING = YES;
				CLANG_WARN_BOOL_CONVERSION = YES;
				CLANG_WARN_COMMA = YES;
				CLANG_WARN_CONSTANT_CONVERSION = YES;
				CLANG_WARN_DEPRECATED_OBJC_IMPLEMENTATIONS = YES;
				CLANG_WARN_DIRECT_OBJC_ISA_USAGE = YES_ERROR;
				CLANG_WARN_DOCUMENTATION_COMMENTS = YES;
				CLANG_WARN_EMPTY_BODY = YES;
				CLANG_WARN_ENUM_CONVERSION = YES;
				CLANG_WARN_INFINITE_RECURSION = YES;
				CLANG_WARN_INT_CONVERSION = YES;
				CLANG_WARN_NON_LITERAL_NULL_CONVERSION = YES;
				CLANG_WARN_OBJC_IMPLICIT_RETAIN_SELF = YES;
				CLANG_WARN_OBJC_LITERAL_CONVERSION = YES;
				CLANG_WARN_OBJC_ROOT_CLASS = YES_ERROR;
				CLANG_WARN_QUOTED_INCLUDE_IN_FRAMEWORK_HEADER = YES;
				CLANG_WARN_RANGE_LOOP_ANALYSIS = YES;
				CLANG_WARN_STRICT_PROTOTYPES = YES;
				CLANG_WARN_SUSPICIOUS_MOVE = YES;
				CLANG_WARN_UNGUARDED_AVAILABILITY = YES_AGGRESSIVE;
				CLANG_WARN_UNREACHABLE_CODE = YES;
				CLANG_WARN__DUPLICATE_METHOD_MATCH = YES;
				COPY_PHASE_STRIP = NO;
				DEBUG_INFORMATION_FORMAT = dwarf;
				ENABLE_STRICT_OBJC_MSGSEND = YES;
				ENABLE_TESTABILITY = YES;
				GCC_C_LANGUAGE_STANDARD = gnu11;
				GCC_DYNAMIC_NO_PIC = NO;
				GCC_NO_COMMON_BLOCKS = YES;
				GCC_OPTIMIZATION_LEVEL = 0;
				GCC_PREPROCESSOR_DEFINITIONS = (
					"DEBUG=1",
					"$(inherited)",
				);
				GCC_WARN_64_TO_32_BIT_CONVERSION = YES;
				GCC_WARN_ABOUT_RETURN_TYPE = YES_ERROR;
				GCC_WARN_UNDECLARED_SELECTOR = YES;
				GCC_WARN_UNINITIALIZED_AUTOS = YES_AGGRESSIVE;
				GCC_WARN_UNUSED_FUNCTION = YES;
				GCC_WARN_UNUSED_VARIABLE = YES;
				MTL_ENABLE_DEBUG_INFO = INCLUDE_SOURCE;
				MTL_FAST_MATH = YES;
				ONLY_ACTIVE_ARCH = YES;
				SWIFT_ACTIVE_COMPILATION_CONDITIONS = DEBUG;
				SWIFT_OPTIMIZATION_LEVEL = "-Onone";
			};
			name = Debug;
		};
		2E7DC6BD29DD015B006C902A /* Release */ = {
			isa = XCBuildConfiguration;
			buildSettings = {
				ALWAYS_SEARCH_USER_PATHS = NO;
				CLANG_ANALYZER_NONNULL = YES;
				CLANG_ANALYZER_NUMBER_OBJECT_CONVERSION = YES_AGGRESSIVE;
				CLANG_CXX_LANGUAGE_STANDARD = "gnu++20";
				CLANG_ENABLE_MODULES = YES;
				CLANG_ENABLE_OBJC_ARC = YES;
				CLANG_ENABLE_OBJC_WEAK = YES;
				CLANG_WARN_BLOCK_CAPTURE_AUTORELEASING = YES;
				CLANG_WARN_BOOL_CONVERSION = YES;
				CLANG_WARN_COMMA = YES;
				CLANG_WARN_CONSTANT_CONVERSION = YES;
				CLANG_WARN_DEPRECATED_OBJC_IMPLEMENTATIONS = YES;
				CLANG_WARN_DIRECT_OBJC_ISA_USAGE = YES_ERROR;
				CLANG_WARN_DOCUMENTATION_COMMENTS = YES;
				CLANG_WARN_EMPTY_BODY = YES;
				CLANG_WARN_ENUM_CONVERSION = YES;
				CLANG_WARN_INFINITE_RECURSION = YES;
				CLANG_WARN_INT_CONVERSION = YES;
				CLANG_WARN_NON_LITERAL_NULL_CONVERSION = YES;
				CLANG_WARN_OBJC_IMPLICIT_RETAIN_SELF = YES;
				CLANG_WARN_OBJC_LITERAL_CONVERSION = YES;
				CLANG_WARN_OBJC_ROOT_CLASS = YES_ERROR;
				CLANG_WARN_QUOTED_INCLUDE_IN_FRAMEWORK_HEADER = YES;
				CLANG_WARN_RANGE_LOOP_ANALYSIS = YES;
				CLANG_WARN_STRICT_PROTOTYPES = YES;
				CLANG_WARN_SUSPICIOUS_MOVE = YES;
				CLANG_WARN_UNGUARDED_AVAILABILITY = YES_AGGRESSIVE;
				CLANG_WARN_UNREACHABLE_CODE = YES;
				CLANG_WARN__DUPLICATE_METHOD_MATCH = YES;
				COPY_PHASE_STRIP = NO;
				DEBUG_INFORMATION_FORMAT = "dwarf-with-dsym";
				ENABLE_NS_ASSERTIONS = NO;
				ENABLE_STRICT_OBJC_MSGSEND = YES;
				GCC_C_LANGUAGE_STANDARD = gnu11;
				GCC_NO_COMMON_BLOCKS = YES;
				GCC_WARN_64_TO_32_BIT_CONVERSION = YES;
				GCC_WARN_ABOUT_RETURN_TYPE = YES_ERROR;
				GCC_WARN_UNDECLARED_SELECTOR = YES;
				GCC_WARN_UNINITIALIZED_AUTOS = YES_AGGRESSIVE;
				GCC_WARN_UNUSED_FUNCTION = YES;
				GCC_WARN_UNUSED_VARIABLE = YES;
				MTL_ENABLE_DEBUG_INFO = NO;
				MTL_FAST_MATH = YES;
				SWIFT_COMPILATION_MODE = wholemodule;
				SWIFT_OPTIMIZATION_LEVEL = "-O";
			};
			name = Release;
		};
		2E7DC6BF29DD015B006C902A /* Debug */ = {
			isa = XCBuildConfiguration;
			buildSettings = {
				ASSETCATALOG_COMPILER_APPICON_NAME = AppIcon;
				ASSETCATALOG_COMPILER_GLOBAL_ACCENT_COLOR_NAME = AccentColor;
				CODE_SIGN_ENTITLEMENTS = perfavion/perfavion.entitlements;
				CODE_SIGN_STYLE = Automatic;
				CURRENT_PROJECT_VERSION = 1;
				DEVELOPMENT_ASSET_PATHS = "\"perfavion/Preview Content\"";
				DEVELOPMENT_TEAM = Q9CY3G4HRN;
				ENABLE_HARDENED_RUNTIME = YES;
				ENABLE_PREVIEWS = YES;
				GENERATE_INFOPLIST_FILE = YES;
				"INFOPLIST_KEY_UIApplicationSceneManifest_Generation[sdk=iphoneos*]" = YES;
				"INFOPLIST_KEY_UIApplicationSceneManifest_Generation[sdk=iphonesimulator*]" = YES;
				"INFOPLIST_KEY_UIApplicationSupportsIndirectInputEvents[sdk=iphoneos*]" = YES;
				"INFOPLIST_KEY_UIApplicationSupportsIndirectInputEvents[sdk=iphonesimulator*]" = YES;
				"INFOPLIST_KEY_UILaunchScreen_Generation[sdk=iphoneos*]" = YES;
				"INFOPLIST_KEY_UILaunchScreen_Generation[sdk=iphonesimulator*]" = YES;
				"INFOPLIST_KEY_UIStatusBarStyle[sdk=iphoneos*]" = UIStatusBarStyleDefault;
				"INFOPLIST_KEY_UIStatusBarStyle[sdk=iphonesimulator*]" = UIStatusBarStyleDefault;
				INFOPLIST_KEY_UISupportedInterfaceOrientations_iPad = "UIInterfaceOrientationPortrait UIInterfaceOrientationPortraitUpsideDown UIInterfaceOrientationLandscapeLeft UIInterfaceOrientationLandscapeRight";
				INFOPLIST_KEY_UISupportedInterfaceOrientations_iPhone = "UIInterfaceOrientationPortrait UIInterfaceOrientationLandscapeLeft UIInterfaceOrientationLandscapeRight";
				IPHONEOS_DEPLOYMENT_TARGET = 16.2;
				LD_RUNPATH_SEARCH_PATHS = "@executable_path/Frameworks";
				"LD_RUNPATH_SEARCH_PATHS[sdk=macosx*]" = "@executable_path/../Frameworks";
				MACOSX_DEPLOYMENT_TARGET = 12.5;
				MARKETING_VERSION = 1.0;
				PRODUCT_BUNDLE_IDENTIFIER = Fiverr.perfavion;
				PRODUCT_NAME = "$(TARGET_NAME)";
				SDKROOT = auto;
				SUPPORTED_PLATFORMS = "iphoneos iphonesimulator";
				SUPPORTS_MACCATALYST = NO;
				SUPPORTS_MAC_DESIGNED_FOR_IPHONE_IPAD = NO;
				SWIFT_EMIT_LOC_STRINGS = YES;
				SWIFT_VERSION = 5.0;
				TARGETED_DEVICE_FAMILY = "1,2";
			};
			name = Debug;
		};
		2E7DC6C029DD015B006C902A /* Release */ = {
			isa = XCBuildConfiguration;
			buildSettings = {
				ASSETCATALOG_COMPILER_APPICON_NAME = AppIcon;
				ASSETCATALOG_COMPILER_GLOBAL_ACCENT_COLOR_NAME = AccentColor;
				CODE_SIGN_ENTITLEMENTS = perfavion/perfavion.entitlements;
				CODE_SIGN_STYLE = Automatic;
				CURRENT_PROJECT_VERSION = 1;
				DEVELOPMENT_ASSET_PATHS = "\"perfavion/Preview Content\"";
				DEVELOPMENT_TEAM = Q9CY3G4HRN;
				ENABLE_HARDENED_RUNTIME = YES;
				ENABLE_PREVIEWS = YES;
				GENERATE_INFOPLIST_FILE = YES;
				"INFOPLIST_KEY_UIApplicationSceneManifest_Generation[sdk=iphoneos*]" = YES;
				"INFOPLIST_KEY_UIApplicationSceneManifest_Generation[sdk=iphonesimulator*]" = YES;
				"INFOPLIST_KEY_UIApplicationSupportsIndirectInputEvents[sdk=iphoneos*]" = YES;
				"INFOPLIST_KEY_UIApplicationSupportsIndirectInputEvents[sdk=iphonesimulator*]" = YES;
				"INFOPLIST_KEY_UILaunchScreen_Generation[sdk=iphoneos*]" = YES;
				"INFOPLIST_KEY_UILaunchScreen_Generation[sdk=iphonesimulator*]" = YES;
				"INFOPLIST_KEY_UIStatusBarStyle[sdk=iphoneos*]" = UIStatusBarStyleDefault;
				"INFOPLIST_KEY_UIStatusBarStyle[sdk=iphonesimulator*]" = UIStatusBarStyleDefault;
				INFOPLIST_KEY_UISupportedInterfaceOrientations_iPad = "UIInterfaceOrientationPortrait UIInterfaceOrientationPortraitUpsideDown UIInterfaceOrientationLandscapeLeft UIInterfaceOrientationLandscapeRight";
				INFOPLIST_KEY_UISupportedInterfaceOrientations_iPhone = "UIInterfaceOrientationPortrait UIInterfaceOrientationLandscapeLeft UIInterfaceOrientationLandscapeRight";
				IPHONEOS_DEPLOYMENT_TARGET = 16.2;
				LD_RUNPATH_SEARCH_PATHS = "@executable_path/Frameworks";
				"LD_RUNPATH_SEARCH_PATHS[sdk=macosx*]" = "@executable_path/../Frameworks";
				MACOSX_DEPLOYMENT_TARGET = 12.5;
				MARKETING_VERSION = 1.0;
				PRODUCT_BUNDLE_IDENTIFIER = Fiverr.perfavion;
				PRODUCT_NAME = "$(TARGET_NAME)";
				SDKROOT = auto;
				SUPPORTED_PLATFORMS = "iphoneos iphonesimulator";
				SUPPORTS_MACCATALYST = NO;
				SUPPORTS_MAC_DESIGNED_FOR_IPHONE_IPAD = NO;
				SWIFT_EMIT_LOC_STRINGS = YES;
				SWIFT_VERSION = 5.0;
				TARGETED_DEVICE_FAMILY = "1,2";
			};
			name = Release;
		};
		2E7DC6C229DD015B006C902A /* Debug */ = {
			isa = XCBuildConfiguration;
			buildSettings = {
				ALWAYS_EMBED_SWIFT_STANDARD_LIBRARIES = YES;
				BUNDLE_LOADER = "$(TEST_HOST)";
				CODE_SIGN_STYLE = Automatic;
				CURRENT_PROJECT_VERSION = 1;
				DEVELOPMENT_TEAM = Q9CY3G4HRN;
				GENERATE_INFOPLIST_FILE = YES;
				IPHONEOS_DEPLOYMENT_TARGET = 16.2;
				MACOSX_DEPLOYMENT_TARGET = 12.5;
				MARKETING_VERSION = 1.0;
				PRODUCT_BUNDLE_IDENTIFIER = Fiverr.perfavionTests;
				PRODUCT_NAME = "$(TARGET_NAME)";
				SDKROOT = auto;
				SUPPORTED_PLATFORMS = "iphoneos iphonesimulator macosx";
				SWIFT_EMIT_LOC_STRINGS = NO;
				SWIFT_VERSION = 5.0;
				TARGETED_DEVICE_FAMILY = "1,2";
				TEST_HOST = "$(BUILT_PRODUCTS_DIR)/perfavion.app/$(BUNDLE_EXECUTABLE_FOLDER_PATH)/perfavion";
			};
			name = Debug;
		};
		2E7DC6C329DD015B006C902A /* Release */ = {
			isa = XCBuildConfiguration;
			buildSettings = {
				ALWAYS_EMBED_SWIFT_STANDARD_LIBRARIES = YES;
				BUNDLE_LOADER = "$(TEST_HOST)";
				CODE_SIGN_STYLE = Automatic;
				CURRENT_PROJECT_VERSION = 1;
				DEVELOPMENT_TEAM = Q9CY3G4HRN;
				GENERATE_INFOPLIST_FILE = YES;
				IPHONEOS_DEPLOYMENT_TARGET = 16.2;
				MACOSX_DEPLOYMENT_TARGET = 12.5;
				MARKETING_VERSION = 1.0;
				PRODUCT_BUNDLE_IDENTIFIER = Fiverr.perfavionTests;
				PRODUCT_NAME = "$(TARGET_NAME)";
				SDKROOT = auto;
				SUPPORTED_PLATFORMS = "iphoneos iphonesimulator macosx";
				SWIFT_EMIT_LOC_STRINGS = NO;
				SWIFT_VERSION = 5.0;
				TARGETED_DEVICE_FAMILY = "1,2";
				TEST_HOST = "$(BUILT_PRODUCTS_DIR)/perfavion.app/$(BUNDLE_EXECUTABLE_FOLDER_PATH)/perfavion";
			};
			name = Release;
		};
		2E7DC6C529DD015B006C902A /* Debug */ = {
			isa = XCBuildConfiguration;
			buildSettings = {
				ALWAYS_EMBED_SWIFT_STANDARD_LIBRARIES = YES;
				CODE_SIGN_STYLE = Automatic;
				CURRENT_PROJECT_VERSION = 1;
				DEVELOPMENT_TEAM = Q9CY3G4HRN;
				GENERATE_INFOPLIST_FILE = YES;
				IPHONEOS_DEPLOYMENT_TARGET = 16.2;
				MACOSX_DEPLOYMENT_TARGET = 12.5;
				MARKETING_VERSION = 1.0;
				PRODUCT_BUNDLE_IDENTIFIER = Fiverr.perfavionUITests;
				PRODUCT_NAME = "$(TARGET_NAME)";
				SDKROOT = auto;
				SUPPORTED_PLATFORMS = "iphoneos iphonesimulator macosx";
				SWIFT_EMIT_LOC_STRINGS = NO;
				SWIFT_VERSION = 5.0;
				TARGETED_DEVICE_FAMILY = "1,2";
				TEST_TARGET_NAME = perfavion;
			};
			name = Debug;
		};
		2E7DC6C629DD015B006C902A /* Release */ = {
			isa = XCBuildConfiguration;
			buildSettings = {
				ALWAYS_EMBED_SWIFT_STANDARD_LIBRARIES = YES;
				CODE_SIGN_STYLE = Automatic;
				CURRENT_PROJECT_VERSION = 1;
				DEVELOPMENT_TEAM = Q9CY3G4HRN;
				GENERATE_INFOPLIST_FILE = YES;
				IPHONEOS_DEPLOYMENT_TARGET = 16.2;
				MACOSX_DEPLOYMENT_TARGET = 12.5;
				MARKETING_VERSION = 1.0;
				PRODUCT_BUNDLE_IDENTIFIER = Fiverr.perfavionUITests;
				PRODUCT_NAME = "$(TARGET_NAME)";
				SDKROOT = auto;
				SUPPORTED_PLATFORMS = "iphoneos iphonesimulator macosx";
				SWIFT_EMIT_LOC_STRINGS = NO;
				SWIFT_VERSION = 5.0;
				TARGETED_DEVICE_FAMILY = "1,2";
				TEST_TARGET_NAME = perfavion;
			};
			name = Release;
		};
/* End XCBuildConfiguration section */

/* Begin XCConfigurationList section */
		2E7DC69429DD015A006C902A /* Build configuration list for PBXProject "perfavion" */ = {
			isa = XCConfigurationList;
			buildConfigurations = (
				2E7DC6BC29DD015B006C902A /* Debug */,
				2E7DC6BD29DD015B006C902A /* Release */,
			);
			defaultConfigurationIsVisible = 0;
			defaultConfigurationName = Release;
		};
		2E7DC6BE29DD015B006C902A /* Build configuration list for PBXNativeTarget "perfavion" */ = {
			isa = XCConfigurationList;
			buildConfigurations = (
				2E7DC6BF29DD015B006C902A /* Debug */,
				2E7DC6C029DD015B006C902A /* Release */,
			);
			defaultConfigurationIsVisible = 0;
			defaultConfigurationName = Release;
		};
		2E7DC6C129DD015B006C902A /* Build configuration list for PBXNativeTarget "perfavionTests" */ = {
			isa = XCConfigurationList;
			buildConfigurations = (
				2E7DC6C229DD015B006C902A /* Debug */,
				2E7DC6C329DD015B006C902A /* Release */,
			);
			defaultConfigurationIsVisible = 0;
			defaultConfigurationName = Release;
		};
		2E7DC6C429DD015B006C902A /* Build configuration list for PBXNativeTarget "perfavionUITests" */ = {
			isa = XCConfigurationList;
			buildConfigurations = (
				2E7DC6C529DD015B006C902A /* Debug */,
				2E7DC6C629DD015B006C902A /* Release */,
			);
			defaultConfigurationIsVisible = 0;
			defaultConfigurationName = Release;
		};
/* End XCConfigurationList section */
	};
	rootObject = 2E7DC69129DD015A006C902A /* Project object */;
}
